Microsoft Visual Studio Solution File, Format Version 12.00
# Visual Studio Version 17
VisualStudioVersion = 17.5.2.0
MinimumVisualStudioVersion = 10.0.40219.1
Project("{FAE04EC0-301F-11D3-BF4B-00C04F79EFBC}") = "StudentCrudAPI", "StudentCrudAPI\StudentCrudAPI.csproj", "{1B9E4088-0525-3A98-02C3-FC98E4E5CDCB}"
EndProject
Global
	GlobalSection(SolutionConfigurationPlatforms) = preSolution
		Debug|Any CPU = Debug|Any CPU
		Release|Any CPU = Release|Any CPU
	EndGlobalSection
	GlobalSection(ProjectConfigurationPlatforms) = postSolution
		{1B9E4088-0525-3A98-02C3-FC98E4E5CDCB}.Debug|Any CPU.ActiveCfg = Debug|Any CPU
		{1B9E4088-0525-3A98-02C3-FC98E4E5CDCB}.Debug|Any CPU.Build.0 = Debug|Any CPU
		{1B9E4088-0525-3A98-02C3-FC98E4E5CDCB}.Release|Any CPU.ActiveCfg = Release|Any CPU
		{1B9E4088-0525-3A98-02C3-FC98E4E5CDCB}.Release|Any CPU.Build.0 = Release|Any CPU
	EndGlobalSection
	GlobalSection(SolutionProperties) = preSolution
		HideSolutionNode = FALSE
	EndGlobalSection
	GlobalSection(ExtensibilityGlobals) = postSolution
		SolutionGuid = {677360DC-1686-4281-9A88-456F826D08EE}
	EndGlobalSection
EndGlobal
